{
  "name": "nodejs-console-app1",
  "version": "0.0.0",
  "lockfileVersion": 1,
  "requires": true,
  "dependencies": {
    "node-requirejs-define": {
      "version": "1.0.1",
      "resolved": "https://registry.npmjs.org/node-requirejs-define/-/node-requirejs-define-1.0.1.tgz",
      "integrity": "sha1-5x7DpGQ/P3PwnYcWKslZcqnmZt8=",
      "requires": {
        "requirejs": "2.3.5"
      }
    },
    "requirejs": {
      "version": "2.3.5",
      "resolved": "https://registry.npmjs.org/requirejs/-/requirejs-2.3.5.tgz",
      "integrity": "sha512-svnO+aNcR/an9Dpi44C7KSAy5fFGLtmPbaaCeQaklUz8BQhS64tWWIIlvEA5jrWICzlO/X9KSzSeXFnZdBu8nw=="
    }
  }
}
